PODS:
  - Flutter (1.0.0)
  - path_provider (0.0.1):
    - Flutter
  - tencent_kit (1.0.4):
    - Flutter

DEPENDENCIES:
  - Flutter (from `Flutter`)
  - path_provider (from `.symlinks/plugins/path_provider/ios`)
  - tencent_kit (from `.symlinks/plugins/tencent_kit/ios`)

EXTERNAL SOURCES:
  Flutter:
    :path: Flutter
  path_provider:
    :path: ".symlinks/plugins/path_provider/ios"
  tencent_kit:
    :path: ".symlinks/plugins/tencent_kit/ios"

SPEC CHECKSUMS:
  Flutter: 0e3d915762c693b495b44d77113d4970485de6ec
  path_provider: fb74bd0465e96b594bb3b5088ee4a4e7bb1f2a9d
  tencent_kit: 0712377066f9a937c0de9ce468cbae18b3688f47

PODFILE CHECKSUM: 3dbe063e9c90a5d7c9e4e76e70a821b9e2c1d271

COCOAPODS: 1.8.4
