PODS:
  - Flutter (1.0.0)
  - path_provider (0.0.1):
    - Flutter
  - tencent_kit (1.0.0):
    - Flutter

DEPENDENCIES:
  - Flutter (from `.symlinks/flutter/ios`)
  - path_provider (from `.symlinks/plugins/path_provider/ios`)
  - tencent_kit (from `.symlinks/plugins/tencent_kit/ios`)

EXTERNAL SOURCES:
  Flutter:
    :path: ".symlinks/flutter/ios"
  path_provider:
    :path: ".symlinks/plugins/path_provider/ios"
  tencent_kit:
    :path: ".symlinks/plugins/tencent_kit/ios"

SPEC CHECKSUMS:
  Flutter: 0e3d915762c693b495b44d77113d4970485de6ec
  path_provider: fb74bd0465e96b594bb3b5088ee4a4e7bb1f2a9d
  tencent_kit: ef18a7780c8d8503b448f7d8f25b48abd2706e11

PODFILE CHECKSUM: 7fb83752f59ead6285236625b82473f90b1cb932

COCOAPODS: 1.8.0
